
Microsoft Visual Studio Solution File, Format Version 12.00
# Visual Studio Version 17
VisualStudioVersion = 17.13.35828.75 d17.13
MinimumVisualStudioVersion = 10.0.40219.1
Project("{FAE04EC0-301F-11D3-BF4B-00C04F79EFBC}") = "ElectronicGadgetsConsole", "ElectronicGadgetsConsole.csproj", "{72AB7ECA-23C2-4BF2-9F7C-5461E6143252}"
EndProject
Project("{FAE04EC0-301F-11D3-BF4B-00C04F79EFBC}") = "ElectronicGadgetsLibrary", "..\ElectronicGadgetsLibrary\ElectronicGadgetsLibrary.csproj", "{DD69C79C-156C-4E79-92A2-D9FB20C2A94D}"
EndProject
Global
	GlobalSection(SolutionConfigurationPlatforms) = preSolution
		Debug|Any CPU = Debug|Any CPU
		Release|Any CPU = Release|Any CPU
	EndGlobalSection
	GlobalSection(ProjectConfigurationPlatforms) = postSolution
		{72AB7ECA-23C2-4BF2-9F7C-5461E6143252}.Debug|Any CPU.ActiveCfg = Debug|Any CPU
		{72AB7ECA-23C2-4BF2-9F7C-5461E6143252}.Debug|Any CPU.Build.0 = Debug|Any CPU
		{72AB7ECA-23C2-4BF2-9F7C-5461E6143252}.Release|Any CPU.ActiveCfg = Release|Any CPU
		{72AB7ECA-23C2-4BF2-9F7C-5461E6143252}.Release|Any CPU.Build.0 = Release|Any CPU
		{DD69C79C-156C-4E79-92A2-D9FB20C2A94D}.Debug|Any CPU.ActiveCfg = Debug|Any CPU
		{DD69C79C-156C-4E79-92A2-D9FB20C2A94D}.Debug|Any CPU.Build.0 = Debug|Any CPU
		{DD69C79C-156C-4E79-92A2-D9FB20C2A94D}.Release|Any CPU.ActiveCfg = Release|Any CPU
		{DD69C79C-156C-4E79-92A2-D9FB20C2A94D}.Release|Any CPU.Build.0 = Release|Any CPU
	EndGlobalSection
	GlobalSection(SolutionProperties) = preSolution
		HideSolutionNode = FALSE
	EndGlobalSection
	GlobalSection(ExtensibilityGlobals) = postSolution
		SolutionGuid = {49C32842-CFA1-4FDB-B991-046792D33DFE}
	EndGlobalSection
EndGlobal
